
Microsoft Visual Studio Solution File, Format Version 12.00
# Visual Studio Version 16
VisualStudioVersion = 16.0.29306.81
MinimumVisualStudioVersion = 10.0.40219.1
Project("{FAE04EC0-301F-11D3-BF4B-00C04F79EFBC}") = "ConsoleComplexNum", "ConsoleComplexNum.csproj", "{FE9D6EB8-A9B5-4590-9309-299F6CC5F652}"
EndProject
Global
	GlobalSection(SolutionConfigurationPlatforms) = preSolution
		Debug|Any CPU = Debug|Any CPU
		Release|Any CPU = Release|Any CPU
	EndGlobalSection
	GlobalSection(ProjectConfigurationPlatforms) = postSolution
		{FE9D6EB8-A9B5-4590-9309-299F6CC5F652}.Debug|Any CPU.ActiveCfg = Debug|Any CPU
		{FE9D6EB8-A9B5-4590-9309-299F6CC5F652}.Debug|Any CPU.Build.0 = Debug|Any CPU
		{FE9D6EB8-A9B5-4590-9309-299F6CC5F652}.Release|Any CPU.ActiveCfg = Release|Any CPU
		{FE9D6EB8-A9B5-4590-9309-299F6CC5F652}.Release|Any CPU.Build.0 = Release|Any CPU
	EndGlobalSection
	GlobalSection(SolutionProperties) = preSolution
		HideSolutionNode = FALSE
	EndGlobalSection
	GlobalSection(ExtensibilityGlobals) = postSolution
		SolutionGuid = {7196B6D3-3952-46CA-A9EC-DC8454EB5357}
	EndGlobalSection
EndGlobal
